
Microsoft Visual Studio Solution File, Format Version 12.00
# Visual Studio Version 17
VisualStudioVersion = 17.13.35818.85 d17.13
MinimumVisualStudioVersion = 10.0.40219.1
Project("{FAE04EC0-301F-11D3-BF4B-00C04F79EFBC}") = "TaskAPIWebApp", "TaskAPIWebApp\TaskAPIWebApp.csproj", "{15B43826-1B1D-41FF-8408-D0948DE14DC7}"
EndProject
Global
	GlobalSection(SolutionConfigurationPlatforms) = preSolution
		Debug|Any CPU = Debug|Any CPU
		Release|Any CPU = Release|Any CPU
	EndGlobalSection
	GlobalSection(ProjectConfigurationPlatforms) = postSolution
		{15B43826-1B1D-41FF-8408-D0948DE14DC7}.Debug|Any CPU.ActiveCfg = Debug|Any CPU
		{15B43826-1B1D-41FF-8408-D0948DE14DC7}.Debug|Any CPU.Build.0 = Debug|Any CPU
		{15B43826-1B1D-41FF-8408-D0948DE14DC7}.Release|Any CPU.ActiveCfg = Release|Any CPU
		{15B43826-1B1D-41FF-8408-D0948DE14DC7}.Release|Any CPU.Build.0 = Release|Any CPU
	EndGlobalSection
	GlobalSection(SolutionProperties) = preSolution
		HideSolutionNode = FALSE
	EndGlobalSection
	GlobalSection(ExtensibilityGlobals) = postSolution
		SolutionGuid = {F7C18128-D1F0-4502-9068-82E6429B70D8}
	EndGlobalSection
EndGlobal
